// !$*UTF8*$!
{
	archiveVersion = 1;
	classes = {
	};
	objectVersion = 46;
	objects = {

/* Begin PBXBuildFile section */
		E10EF69220208A26006D1797 /* KNUIPasteboardIPC.m in Sources */ = {isa = PBXBuildFile; fileRef = E10EF69120208A26006D1797 /* KNUIPasteboardIPC.m */; };
		E11DE9B8204BBD7B00E4A5BF /* KNNSFileManager.m in Sources */ = {isa = PBXBuildFile; fileRef = E11DE9B7204BBD7A00E4A5BF /* KNNSFileManager.m */; };
		E15EF0D620142A0C003036D8 /* main.m in Sources */ = {isa = PBXBuildFile; fileRef = E15EF0D520142A0C003036D8 /* main.m */; };
		E15EF0D920142A0C003036D8 /* AppDelegate.m in Sources */ = {isa = PBXBuildFile; fileRef = E15EF0D820142A0C003036D8 /* AppDelegate.m */; };
		E15EF0DC20142A0C003036D8 /* ViewController.m in Sources */ = {isa = PBXBuildFile; fileRef = E15EF0DB20142A0C003036D8 /* ViewController.m */; };
		E15EF0DF20142A0C003036D8 /* Main.storyboard in Resources */ = {isa = PBXBuildFile; fileRef = E15EF0DD20142A0C003036D8 /* Main.storyboard */; };
		E15EF0E120142A0C003036D8 /* Assets.xcassets in Resources */ = {isa = PBXBuildFile; fileRef = E15EF0E020142A0C003036D8 /* Assets.xcassets */; };
		E15EF0E420142A0C003036D8 /* LaunchScreen.storyboard in Resources */ = {isa = PBXBuildFile; fileRef = E15EF0E220142A0C003036D8 /* LaunchScreen.storyboard */; };
		E15EF0EF20142A0C003036D8 /* KNcodeSnippetsTests.m in Sources */ = {isa = PBXBuildFile; fileRef = E15EF0EE20142A0C003036D8 /* KNcodeSnippetsTests.m */; };
		E15EF0FA20142A0C003036D8 /* KNcodeSnippetsUITests.m in Sources */ = {isa = PBXBuildFile; fileRef = E15EF0F920142A0C003036D8 /* KNcodeSnippetsUITests.m */; };
		E15EF10920142A78003036D8 /* KNRegex.m in Sources */ = {isa = PBXBuildFile; fileRef = E15EF10820142A78003036D8 /* KNRegex.m */; };
		E17244EB20C80E51000DB6F6 /* UIWebView+KNtest.m in Sources */ = {isa = PBXBuildFile; fileRef = E17244EA20C80E51000DB6F6 /* UIWebView+KNtest.m */; };
		E17244EE20C80EB8000DB6F6 /* KNconvertHexStrToString.m in Sources */ = {isa = PBXBuildFile; fileRef = E17244ED20C80EB8000DB6F6 /* KNconvertHexStrToString.m */; };
		E1DED0CE2024788B00593C0F /* KNdispatch_semaphore_t.m in Sources */ = {isa = PBXBuildFile; fileRef = E1DED0CD2024788B00593C0F /* KNdispatch_semaphore_t.m */; };
		E1DED0D9202D6CBD00593C0F /* KNNSURLComponents.m in Sources */ = {isa = PBXBuildFile; fileRef = E1DED0D8202D6CBD00593C0F /* KNNSURLComponents.m */; };
		E1DED0DC202D81F300593C0F /* KNmultipartFormRequestWithMethod.m in Sources */ = {isa = PBXBuildFile; fileRef = E1DED0DB202D81F300593C0F /* KNmultipartFormRequestWithMethod.m */; };
/* End PBXBuildFile section */

/* Begin PBXContainerItemProxy section */
		E15EF0EB20142A0C003036D8 /* PBXContainerItemProxy */ = {
			isa = PBXContainerItemProxy;
			containerPortal = E15EF0C920142A0C003036D8 /* Project object */;
			proxyType = 1;
			remoteGlobalIDString = E15EF0D020142A0C003036D8;
			remoteInfo = KNcodeSnippets;
		};
		E15EF0F620142A0C003036D8 /* PBXContainerItemProxy */ = {
			isa = PBXContainerItemProxy;
			containerPortal = E15EF0C920142A0C003036D8 /* Project object */;
			proxyType = 1;
			remoteGlobalIDString = E15EF0D020142A0C003036D8;
			remoteInfo = KNcodeSnippets;
		};
/* End PBXContainerItemProxy section */

/* Begin PBXFileReference section */
		E10EF69020208A26006D1797 /* KNUIPasteboardIPC.h */ = {isa = PBXFileReference; fileEncoding = 4; lastKnownFileType = sourcecode.c.h; path = KNUIPasteboardIPC.h; sourceTree = "<group>"; };
		E10EF69120208A26006D1797 /* KNUIPasteboardIPC.m */ = {isa = PBXFileReference; fileEncoding = 4; lastKnownFileType = sourcecode.c.objc; path = KNUIPasteboardIPC.m; sourceTree = "<group>"; };
		E11DE9B6204BBD7A00E4A5BF /* KNNSFileManager.h */ = {isa = PBXFileReference; fileEncoding = 4; lastKnownFileType = sourcecode.c.h; path = KNNSFileManager.h; sourceTree = "<group>"; };
		E11DE9B7204BBD7A00E4A5BF /* KNNSFileManager.m */ = {isa = PBXFileReference; fileEncoding = 4; lastKnownFileType = sourcecode.c.objc; path = KNNSFileManager.m; sourceTree = "<group>"; };
		E15EF0D120142A0C003036D8 /* KNcodeSnippets.app */ = {isa = PBXFileReference; explicitFileType = wrapper.application; includeInIndex = 0; path = KNcodeSnippets.app; sourceTree = BUILT_PRODUCTS_DIR; };
		E15EF0D520142A0C003036D8 /* main.m */ = {isa = PBXFileReference; lastKnownFileType = sourcecode.c.objc; path = main.m; sourceTree = "<group>"; };
		E15EF0D720142A0C003036D8 /* AppDelegate.h */ = {isa = PBXFileReference; lastKnownFileType = sourcecode.c.h; path = AppDelegate.h; sourceTree = "<group>"; };
		E15EF0D820142A0C003036D8 /* AppDelegate.m */ = {isa = PBXFileReference; lastKnownFileType = sourcecode.c.objc; path = AppDelegate.m; sourceTree = "<group>"; };
		E15EF0DA20142A0C003036D8 /* ViewController.h */ = {isa = PBXFileReference; lastKnownFileType = sourcecode.c.h; path = ViewController.h; sourceTree = "<group>"; };
		E15EF0DB20142A0C003036D8 /* ViewController.m */ = {isa = PBXFileReference; lastKnownFileType = sourcecode.c.objc; path = ViewController.m; sourceTree = "<group>"; };
		E15EF0DE20142A0C003036D8 /* Base */ = {isa = PBXFileReference; lastKnownFileType = file.storyboard; name = Base; path = Base.lproj/Main.storyboard; sourceTree = "<group>"; };
		E15EF0E020142A0C003036D8 /* Assets.xcassets */ = {isa = PBXFileReference; lastKnownFileType = folder.assetcatalog; path = Assets.xcassets; sourceTree = "<group>"; };
		E15EF0E320142A0C003036D8 /* Base */ = {isa = PBXFileReference; lastKnownFileType = file.storyboard; name = Base; path = Base.lproj/LaunchScreen.storyboard; sourceTree = "<group>"; };
		E15EF0E520142A0C003036D8 /* Info.plist */ = {isa = PBXFileReference; lastKnownFileType = text.plist.xml; path = Info.plist; sourceTree = "<group>"; };
		E15EF0EA20142A0C003036D8 /* KNcodeSnippetsTests.xctest */ = {isa = PBXFileReference; explicitFileType = wrapper.cfbundle; includeInIndex = 0; path = KNcodeSnippetsTests.xctest; sourceTree = BUILT_PRODUCTS_DIR; };
		E15EF0EE20142A0C003036D8 /* KNcodeSnippetsTests.m */ = {isa = PBXFileReference; lastKnownFileType = sourcecode.c.objc; path = KNcodeSnippetsTests.m; sourceTree = "<group>"; };
		E15EF0F020142A0C003036D8 /* Info.plist */ = {isa = PBXFileReference; lastKnownFileType = text.plist.xml; path = Info.plist; sourceTree = "<group>"; };
		E15EF0F520142A0C003036D8 /* KNcodeSnippetsUITests.xctest */ = {isa = PBXFileReference; explicitFileType = wrapper.cfbundle; includeInIndex = 0; path = KNcodeSnippetsUITests.xctest; sourceTree = BUILT_PRODUCTS_DIR; };
		E15EF0F920142A0C003036D8 /* KNcodeSnippetsUITests.m */ = {isa = PBXFileReference; lastKnownFileType = sourcecode.c.objc; path = KNcodeSnippetsUITests.m; sourceTree = "<group>"; };
		E15EF0FB20142A0C003036D8 /* Info.plist */ = {isa = PBXFileReference; lastKnownFileType = text.plist.xml; path = Info.plist; sourceTree = "<group>"; };
		E15EF10720142A78003036D8 /* KNRegex.h */ = {isa = PBXFileReference; fileEncoding = 4; lastKnownFileType = sourcecode.c.h; path = KNRegex.h; sourceTree = "<group>"; };
		E15EF10820142A78003036D8 /* KNRegex.m */ = {isa = PBXFileReference; fileEncoding = 4; lastKnownFileType = sourcecode.c.objc; path = KNRegex.m; sourceTree = "<group>"; };
		E15EF10B20142B6B003036D8 /* YYWebViewInterface-Protocol.h */ = {isa = PBXFileReference; fileEncoding = 4; lastKnownFileType = sourcecode.c.h; path = "YYWebViewInterface-Protocol.h"; sourceTree = "<group>"; };
		E17244E920C80E51000DB6F6 /* UIWebView+KNtest.h */ = {isa = PBXFileReference; lastKnownFileType = sourcecode.c.h; path = "UIWebView+KNtest.h"; sourceTree = "<group>"; };
		E17244EA20C80E51000DB6F6 /* UIWebView+KNtest.m */ = {isa = PBXFileReference; lastKnownFileType = sourcecode.c.objc; path = "UIWebView+KNtest.m"; sourceTree = "<group>"; };
		E17244EC20C80EB8000DB6F6 /* KNconvertHexStrToString.h */ = {isa = PBXFileReference; lastKnownFileType = sourcecode.c.h; path = KNconvertHexStrToString.h; sourceTree = "<group>"; };
		E17244ED20C80EB8000DB6F6 /* KNconvertHexStrToString.m */ = {isa = PBXFileReference; lastKnownFileType = sourcecode.c.objc; path = KNconvertHexStrToString.m; sourceTree = "<group>"; };
		E1DED0CC2024788B00593C0F /* KNdispatch_semaphore_t.h */ = {isa = PBXFileReference; fileEncoding = 4; lastKnownFileType = sourcecode.c.h; path = KNdispatch_semaphore_t.h; sourceTree = "<group>"; };
		E1DED0CD2024788B00593C0F /* KNdispatch_semaphore_t.m */ = {isa = PBXFileReference; fileEncoding = 4; lastKnownFileType = sourcecode.c.objc; path = KNdispatch_semaphore_t.m; sourceTree = "<group>"; };
		E1DED0D7202D6CBD00593C0F /* KNNSURLComponents.h */ = {isa = PBXFileReference; fileEncoding = 4; lastKnownFileType = sourcecode.c.h; path = KNNSURLComponents.h; sourceTree = "<group>"; };
		E1DED0D8202D6CBD00593C0F /* KNNSURLComponents.m */ = {isa = PBXFileReference; fileEncoding = 4; lastKnownFileType = sourcecode.c.objc; path = KNNSURLComponents.m; sourceTree = "<group>"; };
		E1DED0DA202D81F300593C0F /* KNmultipartFormRequestWithMethod.h */ = {isa = PBXFileReference; fileEncoding = 4; lastKnownFileType = sourcecode.c.h; path = KNmultipartFormRequestWithMethod.h; sourceTree = "<group>"; };
		E1DED0DB202D81F300593C0F /* KNmultipartFormRequestWithMethod.m */ = {isa = PBXFileReference; fileEncoding = 4; lastKnownFileType = sourcecode.c.objc; path = KNmultipartFormRequestWithMethod.m; sourceTree = "<group>"; };
/* End PBXFileReference section */

/* Begin PBXFrameworksBuildPhase section */
		E15EF0CE20142A0C003036D8 /* Frameworks */ = {
			isa = PBXFrameworksBuildPhase;
			buildActionMask = 2147483647;
			files = (
			);
			runOnlyForDeploymentPostprocessing = 0;
		};
		E15EF0E720142A0C003036D8 /* Frameworks */ = {
			isa = PBXFrameworksBuildPhase;
			buildActionMask = 2147483647;
			files = (
			);
			runOnlyForDeploymentPostprocessing = 0;
		};
		E15EF0F220142A0C003036D8 /* Frameworks */ = {
			isa = PBXFrameworksBuildPhase;
			buildActionMask = 2147483647;
			files = (
			);
			runOnlyForDeploymentPostprocessing = 0;
		};
/* End PBXFrameworksBuildPhase section */

/* Begin PBXGroup section */
		E10EF68F20208A13006D1797 /* UIPasteboard */ = {
			isa = PBXGroup;
			children = (
				E10EF69020208A26006D1797 /* KNUIPasteboardIPC.h */,
				E10EF69120208A26006D1797 /* KNUIPasteboardIPC.m */,
			);
			name = UIPasteboard;
			sourceTree = "<group>";
		};
		E11DE9B5204BBD6300E4A5BF /* NSFileManager */ = {
			isa = PBXGroup;
			children = (
				E11DE9B6204BBD7A00E4A5BF /* KNNSFileManager.h */,
				E11DE9B7204BBD7A00E4A5BF /* KNNSFileManager.m */,
			);
			name = NSFileManager;
			sourceTree = "<group>";
		};
		E15EF0C820142A0C003036D8 = {
			isa = PBXGroup;
			children = (
				E15EF0D320142A0C003036D8 /* KNcodeSnippets */,
				E15EF0ED20142A0C003036D8 /* KNcodeSnippetsTests */,
				E15EF0F820142A0C003036D8 /* KNcodeSnippetsUITests */,
				E15EF0D220142A0C003036D8 /* Products */,
			);
			sourceTree = "<group>";
		};
		E15EF0D220142A0C003036D8 /* Products */ = {
			isa = PBXGroup;
			children = (
				E15EF0D120142A0C003036D8 /* KNcodeSnippets.app */,
				E15EF0EA20142A0C003036D8 /* KNcodeSnippetsTests.xctest */,
				E15EF0F520142A0C003036D8 /* KNcodeSnippetsUITests.xctest */,
			);
			name = Products;
			sourceTree = "<group>";
		};
		E15EF0D320142A0C003036D8 /* KNcodeSnippets */ = {
			isa = PBXGroup;
			children = (
				E11DE9B5204BBD6300E4A5BF /* NSFileManager */,
				E1DED0D6202D6CAE00593C0F /* NSUrl */,
				E1DED0CB2024787100593C0F /* dispatch */,
				E10EF68F20208A13006D1797 /* UIPasteboard */,
				E15EF0D420142A0C003036D8 /* Supporting Files */,
				E15EF10A20142A85003036D8 /* regex */,
				E17244EF20C80EC1000DB6F6 /* KNconvertHexStrToString */,
			);
			path = KNcodeSnippets;
			sourceTree = "<group>";
		};
		E15EF0D420142A0C003036D8 /* Supporting Files */ = {
			isa = PBXGroup;
			children = (
				E15EF0D720142A0C003036D8 /* AppDelegate.h */,
				E15EF0D820142A0C003036D8 /* AppDelegate.m */,
				E15EF0DA20142A0C003036D8 /* ViewController.h */,
				E15EF0DB20142A0C003036D8 /* ViewController.m */,
				E15EF0DD20142A0C003036D8 /* Main.storyboard */,
				E15EF0E020142A0C003036D8 /* Assets.xcassets */,
				E15EF0E220142A0C003036D8 /* LaunchScreen.storyboard */,
				E15EF0E520142A0C003036D8 /* Info.plist */,
				E15EF0D520142A0C003036D8 /* main.m */,
			);
			name = "Supporting Files";
			sourceTree = "<group>";
		};
		E15EF0ED20142A0C003036D8 /* KNcodeSnippetsTests */ = {
			isa = PBXGroup;
			children = (
				E15EF0EE20142A0C003036D8 /* KNcodeSnippetsTests.m */,
				E15EF0F020142A0C003036D8 /* Info.plist */,
			);
			path = KNcodeSnippetsTests;
			sourceTree = "<group>";
		};
		E15EF0F820142A0C003036D8 /* KNcodeSnippetsUITests */ = {
			isa = PBXGroup;
			children = (
				E15EF0F920142A0C003036D8 /* KNcodeSnippetsUITests.m */,
				E15EF0FB20142A0C003036D8 /* Info.plist */,
			);
			path = KNcodeSnippetsUITests;
			sourceTree = "<group>";
		};
		E15EF10A20142A85003036D8 /* regex */ = {
			isa = PBXGroup;
			children = (
				E15EF10B20142B6B003036D8 /* YYWebViewInterface-Protocol.h */,
				E17244E920C80E51000DB6F6 /* UIWebView+KNtest.h */,
				E17244EA20C80E51000DB6F6 /* UIWebView+KNtest.m */,
				E15EF10720142A78003036D8 /* KNRegex.h */,
				E15EF10820142A78003036D8 /* KNRegex.m */,
			);
			name = regex;
			sourceTree = "<group>";
		};
		E17244EF20C80EC1000DB6F6 /* KNconvertHexStrToString */ = {
			isa = PBXGroup;
			children = (
				E17244EC20C80EB8000DB6F6 /* KNconvertHexStrToString.h */,
				E17244ED20C80EB8000DB6F6 /* KNconvertHexStrToString.m */,
			);
			path = KNconvertHexStrToString;
			sourceTree = "<group>";
		};
		E1DED0CB2024787100593C0F /* dispatch */ = {
			isa = PBXGroup;
			children = (
				E1DED0CC2024788B00593C0F /* KNdispatch_semaphore_t.h */,
				E1DED0CD2024788B00593C0F /* KNdispatch_semaphore_t.m */,
			);
			name = dispatch;
			sourceTree = "<group>";
		};
		E1DED0D6202D6CAE00593C0F /* NSUrl */ = {
			isa = PBXGroup;
			children = (
				E1DED0D7202D6CBD00593C0F /* KNNSURLComponents.h */,
				E1DED0DA202D81F300593C0F /* KNmultipartFormRequestWithMethod.h */,
				E1DED0DB202D81F300593C0F /* KNmultipartFormRequestWithMethod.m */,
				E1DED0D8202D6CBD00593C0F /* KNNSURLComponents.m */,
			);
			name = NSUrl;
			sourceTree = "<group>";
		};
/* End PBXGroup section */

/* Begin PBXNativeTarget section */
		E15EF0D020142A0C003036D8 /* KNcodeSnippets */ = {
			isa = PBXNativeTarget;
			buildConfigurationList = E15EF0FE20142A0C003036D8 /* Build configuration list for PBXNativeTarget "KNcodeSnippets" */;
			buildPhases = (
				E15EF0CD20142A0C003036D8 /* Sources */,
				E15EF0CE20142A0C003036D8 /* Frameworks */,
				E15EF0CF20142A0C003036D8 /* Resources */,
			);
			buildRules = (
			);
			dependencies = (
			);
			name = KNcodeSnippets;
			productName = KNcodeSnippets;
			productReference = E15EF0D120142A0C003036D8 /* KNcodeSnippets.app */;
			productType = "com.apple.product-type.application";
		};
		E15EF0E920142A0C003036D8 /* KNcodeSnippetsTests */ = {
			isa = PBXNativeTarget;
			buildConfigurationList = E15EF10120142A0C003036D8 /* Build configuration list for PBXNativeTarget "KNcodeSnippetsTests" */;
			buildPhases = (
				E15EF0E620142A0C003036D8 /* Sources */,
				E15EF0E720142A0C003036D8 /* Frameworks */,
				E15EF0E820142A0C003036D8 /* Resources */,
			);
			buildRules = (
			);
			dependencies = (
				E15EF0EC20142A0C003036D8 /* PBXTargetDependency */,
			);
			name = KNcodeSnippetsTests;
			productName = KNcodeSnippetsTests;
			productReference = E15EF0EA20142A0C003036D8 /* KNcodeSnippetsTests.xctest */;
			productType = "com.apple.product-type.bundle.unit-test";
		};
		E15EF0F420142A0C003036D8 /* KNcodeSnippetsUITests */ = {
			isa = PBXNativeTarget;
			buildConfigurationList = E15EF10420142A0C003036D8 /* Build configuration list for PBXNativeTarget "KNcodeSnippetsUITests" */;
			buildPhases = (
				E15EF0F120142A0C003036D8 /* Sources */,
				E15EF0F220142A0C003036D8 /* Frameworks */,
				E15EF0F320142A0C003036D8 /* Resources */,
			);
			buildRules = (
			);
			dependencies = (
				E15EF0F720142A0C003036D8 /* PBXTargetDependency */,
			);
			name = KNcodeSnippetsUITests;
			productName = KNcodeSnippetsUITests;
			productReference = E15EF0F520142A0C003036D8 /* KNcodeSnippetsUITests.xctest */;
			productType = "com.apple.product-type.bundle.ui-testing";
		};
/* End PBXNativeTarget section */

/* Begin PBXProject section */
		E15EF0C920142A0C003036D8 /* Project object */ = {
			isa = PBXProject;
			attributes = {
				CLASSPREFIX = KN;
				LastUpgradeCheck = 0830;
				ORGANIZATIONNAME = devzkn;
				TargetAttributes = {
					E15EF0D020142A0C003036D8 = {
						CreatedOnToolsVersion = 8.3.3;
						DevelopmentTeam = UVWU8XCYJX;
						ProvisioningStyle = Automatic;
					};
					E15EF0E920142A0C003036D8 = {
						CreatedOnToolsVersion = 8.3.3;
						DevelopmentTeam = UVWU8XCYJX;
						ProvisioningStyle = Automatic;
						TestTargetID = E15EF0D020142A0C003036D8;
					};
					E15EF0F420142A0C003036D8 = {
						CreatedOnToolsVersion = 8.3.3;
						DevelopmentTeam = UVWU8XCYJX;
						ProvisioningStyle = Automatic;
						TestTargetID = E15EF0D020142A0C003036D8;
					};
				};
			};
			buildConfigurationList = E15EF0CC20142A0C003036D8 /* Build configuration list for PBXProject "KNcodeSnippets" */;
			compatibilityVersion = "Xcode 3.2";
			developmentRegion = English;
			hasScannedForEncodings = 0;
			knownRegions = (
				en,
				Base,
			);
			mainGroup = E15EF0C820142A0C003036D8;
			productRefGroup = E15EF0D220142A0C003036D8 /* Products */;
			projectDirPath = "";
			projectRoot = "";
			targets = (
				E15EF0D020142A0C003036D8 /* KNcodeSnippets */,
				E15EF0E920142A0C003036D8 /* KNcodeSnippetsTests */,
				E15EF0F420142A0C003036D8 /* KNcodeSnippetsUITests */,
			);
		};
/* End PBXProject section */

/* Begin PBXResourcesBuildPhase section */
		E15EF0CF20142A0C003036D8 /* Resources */ = {
			isa = PBXResourcesBuildPhase;
			buildActionMask = 2147483647;
			files = (
				E15EF0E420142A0C003036D8 /* LaunchScreen.storyboard in Resources */,
				E15EF0E120142A0C003036D8 /* Assets.xcassets in Resources */,
				E15EF0DF20142A0C003036D8 /* Main.storyboard in Resources */,
			);
			runOnlyForDeploymentPostprocessing = 0;
		};
		E15EF0E820142A0C003036D8 /* Resources */ = {
			isa = PBXResourcesBuildPhase;
			buildActionMask = 2147483647;
			files = (
			);
			runOnlyForDeploymentPostprocessing = 0;
		};
		E15EF0F320142A0C003036D8 /* Resources */ = {
			isa = PBXResourcesBuildPhase;
			buildActionMask = 2147483647;
			files = (
			);
			runOnlyForDeploymentPostprocessing = 0;
		};
/* End PBXResourcesBuildPhase section */

/* Begin PBXSourcesBuildPhase section */
		E15EF0CD20142A0C003036D8 /* Sources */ = {
			isa = PBXSourcesBuildPhase;
			buildActionMask = 2147483647;
			files = (
				E17244EB20C80E51000DB6F6 /* UIWebView+KNtest.m in Sources */,
				E15EF10920142A78003036D8 /* KNRegex.m in Sources */,
				E15EF0DC20142A0C003036D8 /* ViewController.m in Sources */,
				E1DED0DC202D81F300593C0F /* KNmultipartFormRequestWithMethod.m in Sources */,
				E11DE9B8204BBD7B00E4A5BF /* KNNSFileManager.m in Sources */,
				E17244EE20C80EB8000DB6F6 /* KNconvertHexStrToString.m in Sources */,
				E1DED0CE2024788B00593C0F /* KNdispatch_semaphore_t.m in Sources */,
				E1DED0D9202D6CBD00593C0F /* KNNSURLComponents.m in Sources */,
				E10EF69220208A26006D1797 /* KNUIPasteboardIPC.m in Sources */,
				E15EF0D920142A0C003036D8 /* AppDelegate.m in Sources */,
				E15EF0D620142A0C003036D8 /* main.m in Sources */,
			);
			runOnlyForDeploymentPostprocessing = 0;
		};
		E15EF0E620142A0C003036D8 /* Sources */ = {
			isa = PBXSourcesBuildPhase;
			buildActionMask = 2147483647;
			files = (
				E15EF0EF20142A0C003036D8 /* KNcodeSnippetsTests.m in Sources */,
			);
			runOnlyForDeploymentPostprocessing = 0;
		};
		E15EF0F120142A0C003036D8 /* Sources */ = {
			isa = PBXSourcesBuildPhase;
			buildActionMask = 2147483647;
			files = (
				E15EF0FA20142A0C003036D8 /* KNcodeSnippetsUITests.m in Sources */,
			);
			runOnlyForDeploymentPostprocessing = 0;
		};
/* End PBXSourcesBuildPhase section */

/* Begin PBXTargetDependency section */
		E15EF0EC20142A0C003036D8 /* PBXTargetDependency */ = {
			isa = PBXTargetDependency;
			target = E15EF0D020142A0C003036D8 /* KNcodeSnippets */;
			targetProxy = E15EF0EB20142A0C003036D8 /* PBXContainerItemProxy */;
		};
		E15EF0F720142A0C003036D8 /* PBXTargetDependency */ = {
			isa = PBXTargetDependency;
			target = E15EF0D020142A0C003036D8 /* KNcodeSnippets */;
			targetProxy = E15EF0F620142A0C003036D8 /* PBXContainerItemProxy */;
		};
/* End PBXTargetDependency section */

/* Begin PBXVariantGroup section */
		E15EF0DD20142A0C003036D8 /* Main.storyboard */ = {
			isa = PBXVariantGroup;
			children = (
				E15EF0DE20142A0C003036D8 /* Base */,
			);
			name = Main.storyboard;
			sourceTree = "<group>";
		};
		E15EF0E220142A0C003036D8 /* LaunchScreen.storyboard */ = {
			isa = PBXVariantGroup;
			children = (
				E15EF0E320142A0C003036D8 /* Base */,
			);
			name = LaunchScreen.storyboard;
			sourceTree = "<group>";
		};
/* End PBXVariantGroup section */

/* Begin XCBuildConfiguration section */
		E15EF0FC20142A0C003036D8 /* Debug */ = {
			isa = XCBuildConfiguration;
			buildSettings = {
				ALWAYS_SEARCH_USER_PATHS = NO;
				CLANG_ANALYZER_NONNULL = YES;
				CLANG_ANALYZER_NUMBER_OBJECT_CONVERSION = YES_AGGRESSIVE;
				CLANG_CXX_LANGUAGE_STANDARD = "gnu++0x";
				CLANG_CXX_LIBRARY = "libc++";
				CLANG_ENABLE_MODULES = YES;
				CLANG_ENABLE_OBJC_ARC = YES;
				CLANG_WARN_BOOL_CONVERSION = YES;
				CLANG_WARN_CONSTANT_CONVERSION = YES;
				CLANG_WARN_DIRECT_OBJC_ISA_USAGE = YES_ERROR;
				CLANG_WARN_DOCUMENTATION_COMMENTS = YES;
				CLANG_WARN_EMPTY_BODY = YES;
				CLANG_WARN_ENUM_CONVERSION = YES;
				CLANG_WARN_INFINITE_RECURSION = YES;
				CLANG_WARN_INT_CONVERSION = YES;
				CLANG_WARN_OBJC_ROOT_CLASS = YES_ERROR;
				CLANG_WARN_SUSPICIOUS_MOVE = YES;
				CLANG_WARN_UNREACHABLE_CODE = YES;
				CLANG_WARN__DUPLICATE_METHOD_MATCH = YES;
				"CODE_SIGN_IDENTITY[sdk=iphoneos*]" = "iPhone Developer";
				COPY_PHASE_STRIP = NO;
				DEBUG_INFORMATION_FORMAT = dwarf;
				ENABLE_STRICT_OBJC_MSGSEND = YES;
				ENABLE_TESTABILITY = YES;
				GCC_C_LANGUAGE_STANDARD = gnu99;
				GCC_DYNAMIC_NO_PIC = NO;
				GCC_NO_COMMON_BLOCKS = YES;
				GCC_OPTIMIZATION_LEVEL = 0;
				GCC_PREPROCESSOR_DEFINITIONS = (
					"DEBUG=1",
					"$(inherited)",
				);
				GCC_WARN_64_TO_32_BIT_CONVERSION = YES;
				GCC_WARN_ABOUT_RETURN_TYPE = YES_ERROR;
				GCC_WARN_UNDECLARED_SELECTOR = YES;
				GCC_WARN_UNINITIALIZED_AUTOS = YES_AGGRESSIVE;
				GCC_WARN_UNUSED_FUNCTION = YES;
				GCC_WARN_UNUSED_VARIABLE = YES;
				IPHONEOS_DEPLOYMENT_TARGET = 10.3;
				MTL_ENABLE_DEBUG_INFO = YES;
				ONLY_ACTIVE_ARCH = YES;
				SDKROOT = iphoneos;
				TARGETED_DEVICE_FAMILY = "1,2";
			};
			name = Debug;
		};
		E15EF0FD20142A0C003036D8 /* Release */ = {
			isa = XCBuildConfiguration;
			buildSettings = {
				ALWAYS_SEARCH_USER_PATHS = NO;
				CLANG_ANALYZER_NONNULL = YES;
				CLANG_ANALYZER_NUMBER_OBJECT_CONVERSION = YES_AGGRESSIVE;
				CLANG_CXX_LANGUAGE_STANDARD = "gnu++0x";
				CLANG_CXX_LIBRARY = "libc++";
				CLANG_ENABLE_MODULES = YES;
				CLANG_ENABLE_OBJC_ARC = YES;
				CLANG_WARN_BOOL_CONVERSION = YES;
				CLANG_WARN_CONSTANT_CONVERSION = YES;
				CLANG_WARN_DIRECT_OBJC_ISA_USAGE = YES_ERROR;
				CLANG_WARN_DOCUMENTATION_COMMENTS = YES;
				CLANG_WARN_EMPTY_BODY = YES;
				CLANG_WARN_ENUM_CONVERSION = YES;
				CLANG_WARN_INFINITE_RECURSION = YES;
				CLANG_WARN_INT_CONVERSION = YES;
				CLANG_WARN_OBJC_ROOT_CLASS = YES_ERROR;
				CLANG_WARN_SUSPICIOUS_MOVE = YES;
				CLANG_WARN_UNREACHABLE_CODE = YES;
				CLANG_WARN__DUPLICATE_METHOD_MATCH = YES;
				"CODE_SIGN_IDENTITY[sdk=iphoneos*]" = "iPhone Developer";
				COPY_PHASE_STRIP = NO;
				DEBUG_INFORMATION_FORMAT = "dwarf-with-dsym";
				ENABLE_NS_ASSERTIONS = NO;
				ENABLE_STRICT_OBJC_MSGSEND = YES;
				GCC_C_LANGUAGE_STANDARD = gnu99;
				GCC_NO_COMMON_BLOCKS = YES;
				GCC_WARN_64_TO_32_BIT_CONVERSION = YES;
				GCC_WARN_ABOUT_RETURN_TYPE = YES_ERROR;
				GCC_WARN_UNDECLARED_SELECTOR = YES;
				GCC_WARN_UNINITIALIZED_AUTOS = YES_AGGRESSIVE;
				GCC_WARN_UNUSED_FUNCTION = YES;
				GCC_WARN_UNUSED_VARIABLE = YES;
				IPHONEOS_DEPLOYMENT_TARGET = 10.3;
				MTL_ENABLE_DEBUG_INFO = NO;
				SDKROOT = iphoneos;
				TARGETED_DEVICE_FAMILY = "1,2";
				VALIDATE_PRODUCT = YES;
			};
			name = Release;
		};
		E15EF0FF20142A0C003036D8 /* Debug */ = {
			isa = XCBuildConfiguration;
			buildSettings = {
				ASSETCATALOG_COMPILER_APPICON_NAME = AppIcon;
				DEVELOPMENT_TEAM = UVWU8XCYJX;
				INFOPLIST_FILE = KNcodeSnippets/Info.plist;
				IPHONEOS_DEPLOYMENT_TARGET = 8;
				LD_RUNPATH_SEARCH_PATHS = "$(inherited) @executable_path/Frameworks";
				PRODUCT_BUNDLE_IDENTIFIER = zhangkn.KNcodeSnippets;
				PRODUCT_NAME = "$(TARGET_NAME)";
			};
			name = Debug;
		};
		E15EF10020142A0C003036D8 /* Release */ = {
			isa = XCBuildConfiguration;
			buildSettings = {
				ASSETCATALOG_COMPILER_APPICON_NAME = AppIcon;
				DEVELOPMENT_TEAM = UVWU8XCYJX;
				INFOPLIST_FILE = KNcodeSnippets/Info.plist;
				IPHONEOS_DEPLOYMENT_TARGET = 8;
				LD_RUNPATH_SEARCH_PATHS = "$(inherited) @executable_path/Frameworks";
				PRODUCT_BUNDLE_IDENTIFIER = zhangkn.KNcodeSnippets;
				PRODUCT_NAME = "$(TARGET_NAME)";
			};
			name = Release;
		};
		E15EF10220142A0C003036D8 /* Debug */ = {
			isa = XCBuildConfiguration;
			buildSettings = {
				BUNDLE_LOADER = "$(TEST_HOST)";
				DEVELOPMENT_TEAM = UVWU8XCYJX;
				INFOPLIST_FILE = KNcodeSnippetsTests/Info.plist;
				LD_RUNPATH_SEARCH_PATHS = "$(inherited) @executable_path/Frameworks @loader_path/Frameworks";
				PRODUCT_BUNDLE_IDENTIFIER = zhangkn.KNcodeSnippetsTests;
				PRODUCT_NAME = "$(TARGET_NAME)";
				TEST_HOST = "$(BUILT_PRODUCTS_DIR)/KNcodeSnippets.app/KNcodeSnippets";
			};
			name = Debug;
		};
		E15EF10320142A0C003036D8 /* Release */ = {
			isa = XCBuildConfiguration;
			buildSettings = {
				BUNDLE_LOADER = "$(TEST_HOST)";
				DEVELOPMENT_TEAM = UVWU8XCYJX;
				INFOPLIST_FILE = KNcodeSnippetsTests/Info.plist;
				LD_RUNPATH_SEARCH_PATHS = "$(inherited) @executable_path/Frameworks @loader_path/Frameworks";
				PRODUCT_BUNDLE_IDENTIFIER = zhangkn.KNcodeSnippetsTests;
				PRODUCT_NAME = "$(TARGET_NAME)";
				TEST_HOST = "$(BUILT_PRODUCTS_DIR)/KNcodeSnippets.app/KNcodeSnippets";
			};
			name = Release;
		};
		E15EF10520142A0C003036D8 /* Debug */ = {
			isa = XCBuildConfiguration;
			buildSettings = {
				DEVELOPMENT_TEAM = UVWU8XCYJX;
				INFOPLIST_FILE = KNcodeSnippetsUITests/Info.plist;
				LD_RUNPATH_SEARCH_PATHS = "$(inherited) @executable_path/Frameworks @loader_path/Frameworks";
				PRODUCT_BUNDLE_IDENTIFIER = zhangkn.KNcodeSnippetsUITests;
				PRODUCT_NAME = "$(TARGET_NAME)";
				TEST_TARGET_NAME = KNcodeSnippets;
			};
			name = Debug;
		};
		E15EF10620142A0C003036D8 /* Release */ = {
			isa = XCBuildConfiguration;
			buildSettings = {
				DEVELOPMENT_TEAM = UVWU8XCYJX;
				INFOPLIST_FILE = KNcodeSnippetsUITests/Info.plist;
				LD_RUNPATH_SEARCH_PATHS = "$(inherited) @executable_path/Frameworks @loader_path/Frameworks";
				PRODUCT_BUNDLE_IDENTIFIER = zhangkn.KNcodeSnippetsUITests;
				PRODUCT_NAME = "$(TARGET_NAME)";
				TEST_TARGET_NAME = KNcodeSnippets;
			};
			name = Release;
		};
/* End XCBuildConfiguration section */

/* Begin XCConfigurationList section */
		E15EF0CC20142A0C003036D8 /* Build configuration list for PBXProject "KNcodeSnippets" */ = {
			isa = XCConfigurationList;
			buildConfigurations = (
				E15EF0FC20142A0C003036D8 /* Debug */,
				E15EF0FD20142A0C003036D8 /* Release */,
			);
			defaultConfigurationIsVisible = 0;
			defaultConfigurationName = Release;
		};
		E15EF0FE20142A0C003036D8 /* Build configuration list for PBXNativeTarget "KNcodeSnippets" */ = {
			isa = XCConfigurationList;
			buildConfigurations = (
				E15EF0FF20142A0C003036D8 /* Debug */,
				E15EF10020142A0C003036D8 /* Release */,
			);
			defaultConfigurationIsVisible = 0;
			defaultConfigurationName = Release;
		};
		E15EF10120142A0C003036D8 /* Build configuration list for PBXNativeTarget "KNcodeSnippetsTests" */ = {
			isa = XCConfigurationList;
			buildConfigurations = (
				E15EF10220142A0C003036D8 /* Debug */,
				E15EF10320142A0C003036D8 /* Release */,
			);
			defaultConfigurationIsVisible = 0;
			defaultConfigurationName = Release;
		};
		E15EF10420142A0C003036D8 /* Build configuration list for PBXNativeTarget "KNcodeSnippetsUITests" */ = {
			isa = XCConfigurationList;
			buildConfigurations = (
				E15EF10520142A0C003036D8 /* Debug */,
				E15EF10620142A0C003036D8 /* Release */,
			);
			defaultConfigurationIsVisible = 0;
			defaultConfigurationName = Release;
		};
/* End XCConfigurationList section */
	};
	rootObject = E15EF0C920142A0C003036D8 /* Project object */;
}
